// !$*UTF8*$!
{
	archiveVersion = 1;
	classes = {
	};
	objectVersion = 56;
	objects = {

/* Begin PBXBuildFile section */
		2D09807D2BD706FF0074FB8B /* RaycastData.swift in Sources */ = {isa = PBXBuildFile; fileRef = 2D09807C2BD706FF0074FB8B /* RaycastData.swift */; };
		2D0BA58F2BC9D1C30057D78F /* TestView.swift in Sources */ = {isa = PBXBuildFile; fileRef = 2D0BA58E2BC9D1C30057D78F /* TestView.swift */; };
		2D159F7D2BBA4FC900B26A94 /* Week10.swift in Sources */ = {isa = PBXBuildFile; fileRef = 2D159F7C2BBA4FC900B26A94 /* Week10.swift */; };
		2D159F7F2BBA4FC900B26A94 /* ARView.swift in Sources */ = {isa = PBXBuildFile; fileRef = 2D159F7E2BBA4FC900B26A94 /* ARView.swift */; };
		2D159F812BBA4FCB00B26A94 /* Assets.xcassets in Resources */ = {isa = PBXBuildFile; fileRef = 2D159F802BBA4FCB00B26A94 /* Assets.xcassets */; };
		2D159F842BBA4FCB00B26A94 /* Preview Assets.xcassets in Resources */ = {isa = PBXBuildFile; fileRef = 2D159F832BBA4FCB00B26A94 /* Preview Assets.xcassets */; };
		2D159F8B2BBA500200B26A94 /* ImageEntity.swift in Sources */ = {isa = PBXBuildFile; fileRef = 2D159F8A2BBA500200B26A94 /* ImageEntity.swift */; };
		2D159F8D2BBA501F00B26A94 /* PhotosView.swift in Sources */ = {isa = PBXBuildFile; fileRef = 2D159F8C2BBA501F00B26A94 /* PhotosView.swift */; };
		2D159FC32BBB4F5900B26A94 /* Content in Resources */ = {isa = PBXBuildFile; fileRef = 2D159FC22BBB4F5900B26A94 /* Content */; };
		2D159FC72BC0D65E00B26A94 /* MainView.swift in Sources */ = {isa = PBXBuildFile; fileRef = 2D159FC62BC0D65E00B26A94 /* MainView.swift */; };
		2D159FC92BC3080F00B26A94 /* DetailView.swift in Sources */ = {isa = PBXBuildFile; fileRef = 2D159FC82BC3080F00B26A94 /* DetailView.swift */; };
		2DB9C95B2BDC470700F9981C /* images.json in Resources */ = {isa = PBXBuildFile; fileRef = 2DB9C95A2BDC470700F9981C /* images.json */; };
		2DB9C95D2BDD792800F9981C /* ImageDetail.swift in Sources */ = {isa = PBXBuildFile; fileRef = 2DB9C95C2BDD792800F9981C /* ImageDetail.swift */; };
		2DB9C95F2BDD7D3400F9981C /* Bundle-decode.swift in Sources */ = {isa = PBXBuildFile; fileRef = 2DB9C95E2BDD7D3400F9981C /* Bundle-decode.swift */; };
/* End PBXBuildFile section */

/* Begin PBXFileReference section */
		2D09807C2BD706FF0074FB8B /* RaycastData.swift */ = {isa = PBXFileReference; lastKnownFileType = sourcecode.swift; path = RaycastData.swift; sourceTree = "<group>"; };
		2D0BA58E2BC9D1C30057D78F /* TestView.swift */ = {isa = PBXFileReference; lastKnownFileType = sourcecode.swift; path = TestView.swift; sourceTree = "<group>"; };
		2D159F792BBA4FC900B26A94 /* Week10.app */ = {isa = PBXFileReference; explicitFileType = wrapper.application; includeInIndex = 0; path = Week10.app; sourceTree = BUILT_PRODUCTS_DIR; };
		2D159F7C2BBA4FC900B26A94 /* Week10.swift */ = {isa = PBXFileReference; lastKnownFileType = sourcecode.swift; path = Week10.swift; sourceTree = "<group>"; };
		2D159F7E2BBA4FC900B26A94 /* ARView.swift */ = {isa = PBXFileReference; lastKnownFileType = sourcecode.swift; path = ARView.swift; sourceTree = "<group>"; };
		2D159F802BBA4FCB00B26A94 /* Assets.xcassets */ = {isa = PBXFileReference; lastKnownFileType = folder.assetcatalog; path = Assets.xcassets; sourceTree = "<group>"; };
		2D159F832BBA4FCB00B26A94 /* Preview Assets.xcassets */ = {isa = PBXFileReference; lastKnownFileType = folder.assetcatalog; path = "Preview Assets.xcassets"; sourceTree = "<group>"; };
		2D159F8A2BBA500200B26A94 /* ImageEntity.swift */ = {isa = PBXFileReference; lastKnownFileType = sourcecode.swift; path = ImageEntity.swift; sourceTree = "<group>"; };
		2D159F8C2BBA501F00B26A94 /* PhotosView.swift */ = {isa = PBXFileReference; lastKnownFileType = sourcecode.swift; path = PhotosView.swift; sourceTree = "<group>"; };
		2D159FBF2BBA51C200B26A94 /* README.md */ = {isa = PBXFileReference; lastKnownFileType = net.daringfireball.markdown; path = README.md; sourceTree = "<group>"; };
		2D159FC22BBB4F5900B26A94 /* Content */ = {isa = PBXFileReference; lastKnownFileType = folder; path = Content; sourceTree = SOURCE_ROOT; };
		2D159FC62BC0D65E00B26A94 /* MainView.swift */ = {isa = PBXFileReference; lastKnownFileType = sourcecode.swift; path = MainView.swift; sourceTree = "<group>"; };
		2D159FC82BC3080F00B26A94 /* DetailView.swift */ = {isa = PBXFileReference; lastKnownFileType = sourcecode.swift; path = DetailView.swift; sourceTree = "<group>"; };
		2DB9C95A2BDC470700F9981C /* images.json */ = {isa = PBXFileReference; fileEncoding = 4; lastKnownFileType = text.json; path = images.json; sourceTree = "<group>"; };
		2DB9C95C2BDD792800F9981C /* ImageDetail.swift */ = {isa = PBXFileReference; lastKnownFileType = sourcecode.swift; path = ImageDetail.swift; sourceTree = "<group>"; };
		2DB9C95E2BDD7D3400F9981C /* Bundle-decode.swift */ = {isa = PBXFileReference; lastKnownFileType = sourcecode.swift; path = "Bundle-decode.swift"; sourceTree = "<group>"; };
/* End PBXFileReference section */

/* Begin PBXFrameworksBuildPhase section */
		2D159F762BBA4FC900B26A94 /* Frameworks */ = {
			isa = PBXFrameworksBuildPhase;
			buildActionMask = 2147483647;
			files = (
			);
			runOnlyForDeploymentPostprocessing = 0;
		};
/* End PBXFrameworksBuildPhase section */

/* Begin PBXGroup section */
		2D09807B2BD706B10074FB8B /* Model */ = {
			isa = PBXGroup;
			children = (
				2D159F8A2BBA500200B26A94 /* ImageEntity.swift */,
				2D09807C2BD706FF0074FB8B /* RaycastData.swift */,
				2DB9C95C2BDD792800F9981C /* ImageDetail.swift */,
			);
			path = Model;
			sourceTree = "<group>";
		};
		2D09807E2BD70A630074FB8B /* Views */ = {
			isa = PBXGroup;
			children = (
				2D159FC62BC0D65E00B26A94 /* MainView.swift */,
				2D159F7E2BBA4FC900B26A94 /* ARView.swift */,
				2D159FC82BC3080F00B26A94 /* DetailView.swift */,
				2D159F8C2BBA501F00B26A94 /* PhotosView.swift */,
			);
			path = Views;
			sourceTree = "<group>";
		};
		2D159F702BBA4FC900B26A94 = {
			isa = PBXGroup;
			children = (
				2D159FBF2BBA51C200B26A94 /* README.md */,
				2D159F7B2BBA4FC900B26A94 /* Week10 */,
				2D159F7A2BBA4FC900B26A94 /* Products */,
			);
			sourceTree = "<group>";
		};
		2D159F7A2BBA4FC900B26A94 /* Products */ = {
			isa = PBXGroup;
			children = (
				2D159F792BBA4FC900B26A94 /* Week10.app */,
			);
			name = Products;
			sourceTree = "<group>";
		};
		2D159F7B2BBA4FC900B26A94 /* Week10 */ = {
			isa = PBXGroup;
			children = (
				2D09807E2BD70A630074FB8B /* Views */,
				2D09807B2BD706B10074FB8B /* Model */,
				2D159FC22BBB4F5900B26A94 /* Content */,
				2D159F7C2BBA4FC900B26A94 /* Week10.swift */,
				2D0BA58E2BC9D1C30057D78F /* TestView.swift */,
				2D159F802BBA4FCB00B26A94 /* Assets.xcassets */,
				2DB9C95A2BDC470700F9981C /* images.json */,
				2DB9C95E2BDD7D3400F9981C /* Bundle-decode.swift */,
				2D159F822BBA4FCB00B26A94 /* Preview Content */,
			);
			path = Week10;
			sourceTree = "<group>";
		};
		2D159F822BBA4FCB00B26A94 /* Preview Content */ = {
			isa = PBXGroup;
			children = (
				2D159F832BBA4FCB00B26A94 /* Preview Assets.xcassets */,
			);
			path = "Preview Content";
			sourceTree = "<group>";
		};
/* End PBXGroup section */

/* Begin PBXNativeTarget section */
		2D159F782BBA4FC900B26A94 /* Week10 */ = {
			isa = PBXNativeTarget;
			buildConfigurationList = 2D159F872BBA4FCB00B26A94 /* Build configuration list for PBXNativeTarget "Week10" */;
			buildPhases = (
				2D159F752BBA4FC900B26A94 /* Sources */,
				2D159F762BBA4FC900B26A94 /* Frameworks */,
				2D159F772BBA4FC900B26A94 /* Resources */,
			);
			buildRules = (
			);
			dependencies = (
			);
			name = Week10;
			productName = "Week 08 New";
			productReference = 2D159F792BBA4FC900B26A94 /* Week10.app */;
			productType = "com.apple.product-type.application";
		};
/* End PBXNativeTarget section */

/* Begin PBXProject section */
		2D159F712BBA4FC900B26A94 /* Project object */ = {
			isa = PBXProject;
			attributes = {
				BuildIndependentTargetsInParallel = 1;
				LastSwiftUpdateCheck = 1530;
				LastUpgradeCheck = 1530;
				TargetAttributes = {
					2D159F782BBA4FC900B26A94 = {
						CreatedOnToolsVersion = 15.3;
					};
				};
			};
			buildConfigurationList = 2D159F742BBA4FC900B26A94 /* Build configuration list for PBXProject "Week10" */;
			compatibilityVersion = "Xcode 14.0";
			developmentRegion = en;
			hasScannedForEncodings = 0;
			knownRegions = (
				en,
				Base,
			);
			mainGroup = 2D159F702BBA4FC900B26A94;
			productRefGroup = 2D159F7A2BBA4FC900B26A94 /* Products */;
			projectDirPath = "";
			projectRoot = "";
			targets = (
				2D159F782BBA4FC900B26A94 /* Week10 */,
			);
		};
/* End PBXProject section */

/* Begin PBXResourcesBuildPhase section */
		2D159F772BBA4FC900B26A94 /* Resources */ = {
			isa = PBXResourcesBuildPhase;
			buildActionMask = 2147483647;
			files = (
				2D159FC32BBB4F5900B26A94 /* Content in Resources */,
				2DB9C95B2BDC470700F9981C /* images.json in Resources */,
				2D159F842BBA4FCB00B26A94 /* Preview Assets.xcassets in Resources */,
				2D159F812BBA4FCB00B26A94 /* Assets.xcassets in Resources */,
			);
			runOnlyForDeploymentPostprocessing = 0;
		};
/* End PBXResourcesBuildPhase section */

/* Begin PBXSourcesBuildPhase section */
		2D159F752BBA4FC900B26A94 /* Sources */ = {
			isa = PBXSourcesBuildPhase;
			buildActionMask = 2147483647;
			files = (
				2D0BA58F2BC9D1C30057D78F /* TestView.swift in Sources */,
				2D159FC92BC3080F00B26A94 /* DetailView.swift in Sources */,
				2D159F8B2BBA500200B26A94 /* ImageEntity.swift in Sources */,
				2DB9C95F2BDD7D3400F9981C /* Bundle-decode.swift in Sources */,
				2D159F7F2BBA4FC900B26A94 /* ARView.swift in Sources */,
				2D159F7D2BBA4FC900B26A94 /* Week10.swift in Sources */,
				2D09807D2BD706FF0074FB8B /* RaycastData.swift in Sources */,
				2DB9C95D2BDD792800F9981C /* ImageDetail.swift in Sources */,
				2D159FC72BC0D65E00B26A94 /* MainView.swift in Sources */,
				2D159F8D2BBA501F00B26A94 /* PhotosView.swift in Sources */,
			);
			runOnlyForDeploymentPostprocessing = 0;
		};
/* End PBXSourcesBuildPhase section */

/* Begin XCBuildConfiguration section */
		2D159F852BBA4FCB00B26A94 /* Debug */ = {
			isa = XCBuildConfiguration;
			buildSettings = {
				ALWAYS_SEARCH_USER_PATHS = NO;
				ASSETCATALOG_COMPILER_GENERATE_SWIFT_ASSET_SYMBOL_EXTENSIONS = YES;
				CLANG_ANALYZER_NONNULL = YES;
				CLANG_ANALYZER_NUMBER_OBJECT_CONVERSION = YES_AGGRESSIVE;
				CLANG_CXX_LANGUAGE_STANDARD = "gnu++20";
				CLANG_ENABLE_MODULES = YES;
				CLANG_ENABLE_OBJC_ARC = YES;
				CLANG_ENABLE_OBJC_WEAK = YES;
				CLANG_WARN_BLOCK_CAPTURE_AUTORELEASING = YES;
				CLANG_WARN_BOOL_CONVERSION = YES;
				CLANG_WARN_COMMA = YES;
				CLANG_WARN_CONSTANT_CONVERSION = YES;
				CLANG_WARN_DEPRECATED_OBJC_IMPLEMENTATIONS = YES;
				CLANG_WARN_DIRECT_OBJC_ISA_USAGE = YES_ERROR;
				CLANG_WARN_DOCUMENTATION_COMMENTS = YES;
				CLANG_WARN_EMPTY_BODY = YES;
				CLANG_WARN_ENUM_CONVERSION = YES;
				CLANG_WARN_INFINITE_RECURSION = YES;
				CLANG_WARN_INT_CONVERSION = YES;
				CLANG_WARN_NON_LITERAL_NULL_CONVERSION = YES;
				CLANG_WARN_OBJC_IMPLICIT_RETAIN_SELF = YES;
				CLANG_WARN_OBJC_LITERAL_CONVERSION = YES;
				CLANG_WARN_OBJC_ROOT_CLASS = YES_ERROR;
				CLANG_WARN_QUOTED_INCLUDE_IN_FRAMEWORK_HEADER = YES;
				CLANG_WARN_RANGE_LOOP_ANALYSIS = YES;
				CLANG_WARN_STRICT_PROTOTYPES = YES;
				CLANG_WARN_SUSPICIOUS_MOVE = YES;
				CLANG_WARN_UNGUARDED_AVAILABILITY = YES_AGGRESSIVE;
				CLANG_WARN_UNREACHABLE_CODE = YES;
				CLANG_WARN__DUPLICATE_METHOD_MATCH = YES;
				COPY_PHASE_STRIP = NO;
				DEBUG_INFORMATION_FORMAT = dwarf;
				ENABLE_STRICT_OBJC_MSGSEND = YES;
				ENABLE_TESTABILITY = YES;
				ENABLE_USER_SCRIPT_SANDBOXING = YES;
				GCC_C_LANGUAGE_STANDARD = gnu17;
				GCC_DYNAMIC_NO_PIC = NO;
				GCC_NO_COMMON_BLOCKS = YES;
				GCC_OPTIMIZATION_LEVEL = 0;
				GCC_PREPROCESSOR_DEFINITIONS = (
					"DEBUG=1",
					"$(inherited)",
				);
				GCC_WARN_64_TO_32_BIT_CONVERSION = YES;
				GCC_WARN_ABOUT_RETURN_TYPE = YES_ERROR;
				GCC_WARN_UNDECLARED_SELECTOR = YES;
				GCC_WARN_UNINITIALIZED_AUTOS = YES_AGGRESSIVE;
				GCC_WARN_UNUSED_FUNCTION = YES;
				GCC_WARN_UNUSED_VARIABLE = YES;
				IPHONEOS_DEPLOYMENT_TARGET = 17.4;
				LOCALIZATION_PREFERS_STRING_CATALOGS = YES;
				MTL_ENABLE_DEBUG_INFO = INCLUDE_SOURCE;
				MTL_FAST_MATH = YES;
				ONLY_ACTIVE_ARCH = YES;
				SDKROOT = iphoneos;
				SWIFT_ACTIVE_COMPILATION_CONDITIONS = "DEBUG $(inherited)";
				SWIFT_OPTIMIZATION_LEVEL = "-Onone";
			};
			name = Debug;
		};
		2D159F862BBA4FCB00B26A94 /* Release */ = {
			isa = XCBuildConfiguration;
			buildSettings = {
				ALWAYS_SEARCH_USER_PATHS = NO;
				ASSETCATALOG_COMPILER_GENERATE_SWIFT_ASSET_SYMBOL_EXTENSIONS = YES;
				CLANG_ANALYZER_NONNULL = YES;
				CLANG_ANALYZER_NUMBER_OBJECT_CONVERSION = YES_AGGRESSIVE;
				CLANG_CXX_LANGUAGE_STANDARD = "gnu++20";
				CLANG_ENABLE_MODULES = YES;
				CLANG_ENABLE_OBJC_ARC = YES;
				CLANG_ENABLE_OBJC_WEAK = YES;
				CLANG_WARN_BLOCK_CAPTURE_AUTORELEASING = YES;
				CLANG_WARN_BOOL_CONVERSION = YES;
				CLANG_WARN_COMMA = YES;
				CLANG_WARN_CONSTANT_CONVERSION = YES;
				CLANG_WARN_DEPRECATED_OBJC_IMPLEMENTATIONS = YES;
				CLANG_WARN_DIRECT_OBJC_ISA_USAGE = YES_ERROR;
				CLANG_WARN_DOCUMENTATION_COMMENTS = YES;
				CLANG_WARN_EMPTY_BODY = YES;
				CLANG_WARN_ENUM_CONVERSION = YES;
				CLANG_WARN_INFINITE_RECURSION = YES;
				CLANG_WARN_INT_CONVERSION = YES;
				CLANG_WARN_NON_LITERAL_NULL_CONVERSION = YES;
				CLANG_WARN_OBJC_IMPLICIT_RETAIN_SELF = YES;
				CLANG_WARN_OBJC_LITERAL_CONVERSION = YES;
				CLANG_WARN_OBJC_ROOT_CLASS = YES_ERROR;
				CLANG_WARN_QUOTED_INCLUDE_IN_FRAMEWORK_HEADER = YES;
				CLANG_WARN_RANGE_LOOP_ANALYSIS = YES;
				CLANG_WARN_STRICT_PROTOTYPES = YES;
				CLANG_WARN_SUSPICIOUS_MOVE = YES;
				CLANG_WARN_UNGUARDED_AVAILABILITY = YES_AGGRESSIVE;
				CLANG_WARN_UNREACHABLE_CODE = YES;
				CLANG_WARN__DUPLICATE_METHOD_MATCH = YES;
				COPY_PHASE_STRIP = NO;
				DEBUG_INFORMATION_FORMAT = "dwarf-with-dsym";
				ENABLE_NS_ASSERTIONS = NO;
				ENABLE_STRICT_OBJC_MSGSEND = YES;
				ENABLE_USER_SCRIPT_SANDBOXING = YES;
				GCC_C_LANGUAGE_STANDARD = gnu17;
				GCC_NO_COMMON_BLOCKS = YES;
				GCC_WARN_64_TO_32_BIT_CONVERSION = YES;
				GCC_WARN_ABOUT_RETURN_TYPE = YES_ERROR;
				GCC_WARN_UNDECLARED_SELECTOR = YES;
				GCC_WARN_UNINITIALIZED_AUTOS = YES_AGGRESSIVE;
				GCC_WARN_UNUSED_FUNCTION = YES;
				GCC_WARN_UNUSED_VARIABLE = YES;
				IPHONEOS_DEPLOYMENT_TARGET = 17.4;
				LOCALIZATION_PREFERS_STRING_CATALOGS = YES;
				MTL_ENABLE_DEBUG_INFO = NO;
				MTL_FAST_MATH = YES;
				SDKROOT = iphoneos;
				SWIFT_COMPILATION_MODE = wholemodule;
				VALIDATE_PRODUCT = YES;
			};
			name = Release;
		};
		2D159F882BBA4FCB00B26A94 /* Debug */ = {
			isa = XCBuildConfiguration;
			buildSettings = {
				ASSETCATALOG_COMPILER_APPICON_NAME = AppIcon;
				ASSETCATALOG_COMPILER_GLOBAL_ACCENT_COLOR_NAME = AccentColor;
				CODE_SIGN_STYLE = Automatic;
				CURRENT_PROJECT_VERSION = 1;
				DEVELOPMENT_ASSET_PATHS = "";
				DEVELOPMENT_TEAM = 7B5XW77F64;
				ENABLE_PREVIEWS = YES;
				GENERATE_INFOPLIST_FILE = YES;
				INFOPLIST_KEY_NSCameraUsageDescription = "Camera usage is needed for AR function";
				INFOPLIST_KEY_UIApplicationSceneManifest_Generation = YES;
				INFOPLIST_KEY_UIApplicationSupportsIndirectInputEvents = YES;
				INFOPLIST_KEY_UILaunchScreen_Generation = YES;
				INFOPLIST_KEY_UISupportedInterfaceOrientations_iPad = "UIInterfaceOrientationPortrait UIInterfaceOrientationPortraitUpsideDown UIInterfaceOrientationLandscapeLeft UIInterfaceOrientationLandscapeRight";
				INFOPLIST_KEY_UISupportedInterfaceOrientations_iPhone = "UIInterfaceOrientationPortrait UIInterfaceOrientationLandscapeLeft UIInterfaceOrientationLandscapeRight";
				IPHONEOS_DEPLOYMENT_TARGET = 17.2;
				LD_RUNPATH_SEARCH_PATHS = (
					"$(inherited)",
					"@executable_path/Frameworks",
				);
				MARKETING_VERSION = 1.0;
				PRODUCT_BUNDLE_IDENTIFIER = "edu.nyu.yc4889.yupu.Week-08-New";
				PRODUCT_NAME = "$(TARGET_NAME)";
				SWIFT_EMIT_LOC_STRINGS = YES;
				SWIFT_VERSION = 5.0;
				TARGETED_DEVICE_FAMILY = "1,2";
			};
			name = Debug;
		};
		2D159F892BBA4FCB00B26A94 /* Release */ = {
			isa = XCBuildConfiguration;
			buildSettings = {
				ASSETCATALOG_COMPILER_APPICON_NAME = AppIcon;
				ASSETCATALOG_COMPILER_GLOBAL_ACCENT_COLOR_NAME = AccentColor;
				CODE_SIGN_STYLE = Automatic;
				CURRENT_PROJECT_VERSION = 1;
				DEVELOPMENT_ASSET_PATHS = "";
				DEVELOPMENT_TEAM = 7B5XW77F64;
				ENABLE_PREVIEWS = YES;
				GENERATE_INFOPLIST_FILE = YES;
				INFOPLIST_KEY_NSCameraUsageDescription = "Camera usage is needed for AR function";
				INFOPLIST_KEY_UIApplicationSceneManifest_Generation = YES;
				INFOPLIST_KEY_UIApplicationSupportsIndirectInputEvents = YES;
				INFOPLIST_KEY_UILaunchScreen_Generation = YES;
				INFOPLIST_KEY_UISupportedInterfaceOrientations_iPad = "UIInterfaceOrientationPortrait UIInterfaceOrientationPortraitUpsideDown UIInterfaceOrientationLandscapeLeft UIInterfaceOrientationLandscapeRight";
				INFOPLIST_KEY_UISupportedInterfaceOrientations_iPhone = "UIInterfaceOrientationPortrait UIInterfaceOrientationLandscapeLeft UIInterfaceOrientationLandscapeRight";
				IPHONEOS_DEPLOYMENT_TARGET = 17.2;
				LD_RUNPATH_SEARCH_PATHS = (
					"$(inherited)",
					"@executable_path/Frameworks",
				);
				MARKETING_VERSION = 1.0;
				PRODUCT_BUNDLE_IDENTIFIER = "edu.nyu.yc4889.yupu.Week-08-New";
				PRODUCT_NAME = "$(TARGET_NAME)";
				SWIFT_EMIT_LOC_STRINGS = YES;
				SWIFT_VERSION = 5.0;
				TARGETED_DEVICE_FAMILY = "1,2";
			};
			name = Release;
		};
/* End XCBuildConfiguration section */

/* Begin XCConfigurationList section */
		2D159F742BBA4FC900B26A94 /* Build configuration list for PBXProject "Week10" */ = {
			isa = XCConfigurationList;
			buildConfigurations = (
				2D159F852BBA4FCB00B26A94 /* Debug */,
				2D159F862BBA4FCB00B26A94 /* Release */,
			);
			defaultConfigurationIsVisible = 0;
			defaultConfigurationName = Release;
		};
		2D159F872BBA4FCB00B26A94 /* Build configuration list for PBXNativeTarget "Week10" */ = {
			isa = XCConfigurationList;
			buildConfigurations = (
				2D159F882BBA4FCB00B26A94 /* Debug */,
				2D159F892BBA4FCB00B26A94 /* Release */,
			);
			defaultConfigurationIsVisible = 0;
			defaultConfigurationName = Release;
		};
/* End XCConfigurationList section */
	};
	rootObject = 2D159F712BBA4FC900B26A94 /* Project object */;
}
